{
  "name": "es-project",
  "version": "1.0.0",
  "lockfileVersion": 3,
  "requires": true,
  "packages": {
    "": {
      "name": "es-project",
      "version": "1.0.0",
      "license": "MIT",
      "dependencies": {
        "es-library": "file:../es-library"
      }
    },
    "../es-library": {
      "version": "1.0.0",
      "license": "MIT"
    },
    "node_modules/es-library": {
      "resolved": "../es-library",
      "link": true
    }
  }
}
